
Microsoft Visual Studio Solution File, Format Version 12.00
# Visual Studio Version 17
VisualStudioVersion = 17.7.34202.233
MinimumVisualStudioVersion = 10.0.40219.1
Project("{9A19103F-16F7-4668-BE54-9A1E7A4F7556}") = "serkanbilsel", "serkanbilsel\serkanbilsel.csproj", "{AF4CBB13-0A14-4E1B-A193-E2790EC3A2BD}"
EndProject
Global
	GlobalSection(SolutionConfigurationPlatforms) = preSolution
		Debug|Any CPU = Debug|Any CPU
		Release|Any CPU = Release|Any CPU
	EndGlobalSection
	GlobalSection(ProjectConfigurationPlatforms) = postSolution
		{AF4CBB13-0A14-4E1B-A193-E2790EC3A2BD}.Debug|Any CPU.ActiveCfg = Debug|Any CPU
		{AF4CBB13-0A14-4E1B-A193-E2790EC3A2BD}.Debug|Any CPU.Build.0 = Debug|Any CPU
		{AF4CBB13-0A14-4E1B-A193-E2790EC3A2BD}.Release|Any CPU.ActiveCfg = Release|Any CPU
		{AF4CBB13-0A14-4E1B-A193-E2790EC3A2BD}.Release|Any CPU.Build.0 = Release|Any CPU
	EndGlobalSection
	GlobalSection(SolutionProperties) = preSolution
		HideSolutionNode = FALSE
	EndGlobalSection
	GlobalSection(ExtensibilityGlobals) = postSolution
		SolutionGuid = {66DEC957-B6A9-49A2-9F88-86B98D5C700A}
	EndGlobalSection
EndGlobal
