
Microsoft Visual Studio Solution File, Format Version 12.00
# Visual Studio Version 17
VisualStudioVersion = 17.5.002.0
MinimumVisualStudioVersion = 10.0.40219.1
Project("{9A19103F-16F7-4668-BE54-9A1E7A4F7556}") = "serkanbilsel", "serkanbilsel.csproj", "{8D36A1B5-E206-4DB0-9A1E-6384B301BFF7}"
EndProject
Global
	GlobalSection(SolutionConfigurationPlatforms) = preSolution
		Debug|Any CPU = Debug|Any CPU
		Release|Any CPU = Release|Any CPU
	EndGlobalSection
	GlobalSection(ProjectConfigurationPlatforms) = postSolution
		{8D36A1B5-E206-4DB0-9A1E-6384B301BFF7}.Debug|Any CPU.ActiveCfg = Debug|Any CPU
		{8D36A1B5-E206-4DB0-9A1E-6384B301BFF7}.Debug|Any CPU.Build.0 = Debug|Any CPU
		{8D36A1B5-E206-4DB0-9A1E-6384B301BFF7}.Release|Any CPU.ActiveCfg = Release|Any CPU
		{8D36A1B5-E206-4DB0-9A1E-6384B301BFF7}.Release|Any CPU.Build.0 = Release|Any CPU
	EndGlobalSection
	GlobalSection(SolutionProperties) = preSolution
		HideSolutionNode = FALSE
	EndGlobalSection
	GlobalSection(ExtensibilityGlobals) = postSolution
		SolutionGuid = {792CD945-7CA2-4A07-8717-FE0D33F98D44}
	EndGlobalSection
EndGlobal
